
Microsoft Visual Studio Solution File, Format Version 12.00
# Visual Studio Version 17
VisualStudioVersion = 17.6.33815.320
MinimumVisualStudioVersion = 10.0.40219.1
Project("{9A19103F-16F7-4668-BE54-9A1E7A4F7556}") = "AZ.Integrator.Api", "AZ.Integrator.Api\AZ.Integrator.Api.csproj", "{E4C247CD-9B87-49E1-A45D-3DA6A4E70792}"
EndProject
Project("{9A19103F-16F7-4668-BE54-9A1E7A4F7556}") = "AZ.Integrator.Shared.Domain", "AZ.Integrator.Shared.Domain\AZ.Integrator.Shared.Domain.csproj", "{DE916949-C5C6-42E5-A0CB-8C841380E05F}"
EndProject
Project("{9A19103F-16F7-4668-BE54-9A1E7A4F7556}") = "AZ.Integrator.Shared.Infrastructure", "AZ.Integrator.Shared.Infrastructure\AZ.Integrator.Shared.Infrastructure.csproj", "{8764F087-4DB0-4C23-9EF9-C6204E8EBA65}"
EndProject
Project("{E53339B2-1760-4266-BCC7-CA923CBCF16C}") = "docker-compose", "docker-compose.dcproj", "{96A6E26F-D327-4E71-8BB7-65BD22669B22}"
EndProject
Project("{2150E333-8FDC-42A3-9474-1A3956D46DE8}") = "Shipments", "Shipments", "{4F3FDA55-588A-4702-8CEF-B0DE277668EC}"
EndProject
Project("{FAE04EC0-301F-11D3-BF4B-00C04F79EFBC}") = "AZ.Integrator.Shipments.Domain", "Modules\Shipments\AZ.Integrator.Shipments.Domain\AZ.Integrator.Shipments.Domain.csproj", "{2A5A573C-3E8C-4CBB-B293-EA285C4BDF68}"
EndProject
Project("{FAE04EC0-301F-11D3-BF4B-00C04F79EFBC}") = "AZ.Integrator.Shipments.Application", "Modules\Shipments\AZ.Integrator.Shipments.Application\AZ.Integrator.Shipments.Application.csproj", "{AE491FFB-F8CB-4F4D-8A78-AB8226D90072}"
EndProject
Project("{2150E333-8FDC-42A3-9474-1A3956D46DE8}") = "Orders", "Orders", "{BCF47A2C-C937-414E-BC62-F92919A698BA}"
EndProject
Project("{FAE04EC0-301F-11D3-BF4B-00C04F79EFBC}") = "AZ.Integrator.Orders.Domain", "Modules\Orders\AZ.Integrator.Orders.Domain\AZ.Integrator.Orders.Domain.csproj", "{9C66A9A8-2DEA-4C84-BF9C-02E8A5F04C47}"
EndProject
Project("{FAE04EC0-301F-11D3-BF4B-00C04F79EFBC}") = "AZ.Integrator.Orders.Application", "Modules\Orders\AZ.Integrator.Orders.Application\AZ.Integrator.Orders.Application.csproj", "{96D73398-E255-4C21-BCB8-54307BD8167C}"
EndProject
Project("{2150E333-8FDC-42A3-9474-1A3956D46DE8}") = "Invoices", "Invoices", "{3015700F-0F86-49D7-8DE7-2A8CAD39202F}"
EndProject
Project("{FAE04EC0-301F-11D3-BF4B-00C04F79EFBC}") = "AZ.Integrator.Invoices.Application", "Modules\Invoices\AZ.Integrator.Invoices.Application\AZ.Integrator.Invoices.Application.csproj", "{CFF9E1E6-A1D0-4199-8C7C-C51A85C7CB1C}"
EndProject
Project("{FAE04EC0-301F-11D3-BF4B-00C04F79EFBC}") = "AZ.Integrator.Invoices.Domain", "Modules\Invoices\AZ.Integrator.Invoices.Domain\AZ.Integrator.Invoices.Domain.csproj", "{B6DEDA42-9054-4E66-BAF0-A23B900EC012}"
EndProject
Project("{FAE04EC0-301F-11D3-BF4B-00C04F79EFBC}") = "AZ.Integrator.Shipments.Domain.Events", "Modules\Shipments\AZ.Integrator.Shipments.Domain.Events\AZ.Integrator.Shipments.Domain.Events.csproj", "{36E1A782-20C7-4B56-AF22-5551C70B8A3D}"
EndProject
Project("{FAE04EC0-301F-11D3-BF4B-00C04F79EFBC}") = "AZ.Integrator.Shared.Application", "AZ.Integrator.Shared.Application\AZ.Integrator.Shared.Application.csproj", "{9F9F6322-78A0-48A5-B4C7-5B371546E82F}"
EndProject
Project("{2150E333-8FDC-42A3-9474-1A3956D46DE8}") = "TagParcelTemplates", "TagParcelTemplates", "{A78791CF-DB1C-4382-82A5-E3A792F464FA}"
EndProject
Project("{FAE04EC0-301F-11D3-BF4B-00C04F79EFBC}") = "AZ.Integrator.TagParcelTemplates.Application", "Modules\TagParcelTemplates\AZ.Integrator.TagParcelTemplates.Application\AZ.Integrator.TagParcelTemplates.Application.csproj", "{1782C76E-952D-40F2-B1D9-F2671B629243}"
EndProject
Project("{FAE04EC0-301F-11D3-BF4B-00C04F79EFBC}") = "AZ.Integrator.TagParcelTemplates.Domain", "Modules\TagParcelTemplates\AZ.Integrator.TagParcelTemplates.Domain\AZ.Integrator.TagParcelTemplates.Domain.csproj", "{DFFE0023-160D-43A5-B58D-02F21B9697F8}"
EndProject
Project("{2150E333-8FDC-42A3-9474-1A3956D46DE8}") = "Modules", "Modules", "{AF5A56E9-8FD1-47B5-B69D-17756EDE918E}"
EndProject
Project("{2150E333-8FDC-42A3-9474-1A3956D46DE8}") = "Stocks", "Stocks", "{87F559AE-6448-426E-87CD-CF2C4AA11D1B}"
EndProject
Project("{FAE04EC0-301F-11D3-BF4B-00C04F79EFBC}") = "AZ.Integrator.Stocks.Domain", "Modules\Stocks\AZ.Integrator.Stocks.Domain\AZ.Integrator.Stocks.Domain.csproj", "{D89449EB-E15E-46B7-BC34-4B2BFD74A62D}"
EndProject
Project("{FAE04EC0-301F-11D3-BF4B-00C04F79EFBC}") = "AZ.Integrator.Stocks.Application", "Modules\Stocks\AZ.Integrator.Stocks.Application\AZ.Integrator.Stocks.Application.csproj", "{15A00825-8670-4B79-8785-46055209C1E2}"
EndProject
Project("{FAE04EC0-301F-11D3-BF4B-00C04F79EFBC}") = "AZ.Integrator.Stocks.Infrastructure", "Modules\Stocks\AZ.Integrator.Stocks.Infrastructure\AZ.Integrator.Stocks.Infrastructure.csproj", "{979A492B-FDD2-4A6C-8418-960FC0A11628}"
EndProject
Project("{FAE04EC0-301F-11D3-BF4B-00C04F79EFBC}") = "AZ.Integrator.Api.Infrastructure", "AZ.Integrator.Api.Infrastructure\AZ.Integrator.Api.Infrastructure.csproj", "{AF7E64AC-027A-4721-B72F-03FC59A82C58}"
EndProject
Project("{FAE04EC0-301F-11D3-BF4B-00C04F79EFBC}") = "AZ.Integrator.DbUp", "AZ.Integrator.DbUp\AZ.Integrator.DbUp.csproj", "{CB614249-1ADD-47BF-8BA9-32878299A01F}"
EndProject
Project("{FAE04EC0-301F-11D3-BF4B-00C04F79EFBC}") = "AZ.Integrator.Invoices.Contracts", "Modules\Invoices\AZ.Integrator.Invoices.Contracts\AZ.Integrator.Invoices.Contracts.csproj", "{A1961A97-CE80-4DB4-90F6-7383404D9062}"
EndProject
Project("{2150E333-8FDC-42A3-9474-1A3956D46DE8}") = "Operations", "Operations", "{F7455875-B3A7-424A-A5FB-604BA68A83E8}"
EndProject
Project("{FAE04EC0-301F-11D3-BF4B-00C04F79EFBC}") = "AZ.Integrator.Operations.Application", "Modules\Operations\AZ.Integrator.Operations.Application\AZ.Integrator.Operations.Application.csproj", "{A9E6CE6A-757B-4EC2-A1F2-5E5E939B78DD}"
EndProject
Project("{FAE04EC0-301F-11D3-BF4B-00C04F79EFBC}") = "AZ.Integrator.Invoices.Domain.Events", "Modules\Invoices\AZ.Integrator.Invoices.Domain.Events\AZ.Integrator.Invoices.Domain.Events.csproj", "{E043B768-6BE7-483F-ABFA-F47D1A08303F}"
EndProject
Project("{FAE04EC0-301F-11D3-BF4B-00C04F79EFBC}") = "AZ.Integrator.Orders.Contracts", "Modules\Orders\AZ.Integrator.Orders.Contracts\AZ.Integrator.Orders.Contracts.csproj", "{CD2AA08B-884D-46A1-957B-4B1A0358EA96}"
EndProject
Project("{FAE04EC0-301F-11D3-BF4B-00C04F79EFBC}") = "AZ.Integrator.Orders.Infrastructure", "Modules\Orders\AZ.Integrator.Orders.Infrastructure\AZ.Integrator.Orders.Infrastructure.csproj", "{19259E04-13FF-4334-BB74-59BC0D137413}"
EndProject
Project("{FAE04EC0-301F-11D3-BF4B-00C04F79EFBC}") = "AZ.Integrator.TagParcelTemplates.Infrastructure", "Modules\TagParcelTemplates\AZ.Integrator.TagParcelTemplates.Infrastructure\AZ.Integrator.TagParcelTemplates.Infrastructure.csproj", "{57A65F13-5350-4F64-9B47-8A8D55E741D7}"
EndProject
Project("{FAE04EC0-301F-11D3-BF4B-00C04F79EFBC}") = "AZ.Integrator.Invoices.Infrastructure", "Modules\Invoices\AZ.Integrator.Invoices.Infrastructure\AZ.Integrator.Invoices.Infrastructure.csproj", "{11ABE9E4-3010-41B8-85D5-FDD4EF315D13}"
EndProject
Project("{FAE04EC0-301F-11D3-BF4B-00C04F79EFBC}") = "AZ.Integrator.Shipments.Infrastructure", "Modules\Shipments\AZ.Integrator.Shipments.Infrastructure\AZ.Integrator.Shipments.Infrastructure.csproj", "{177D3BBB-96E9-4B01-AD13-E0BB8C0B1FF2}"
EndProject
Project("{2150E333-8FDC-42A3-9474-1A3956D46DE8}") = "Monitoring", "Monitoring", "{248FF580-BD5F-4F62-BDCD-EA17EC9651C9}"
EndProject
Project("{FAE04EC0-301F-11D3-BF4B-00C04F79EFBC}") = "AZ.Integrator.Monitoring.Domain", "Modules\Monitoring\AZ.Integrator.Monitoring.Domain\AZ.Integrator.Monitoring.Domain.csproj", "{84D628F2-DD6F-4FF2-AA48-78204D923FDA}"
EndProject
Project("{FAE04EC0-301F-11D3-BF4B-00C04F79EFBC}") = "AZ.Integrator.Monitoring.Contracts", "Modules\Monitoring\AZ.Integrator.Monitoring.Contracts\AZ.Integrator.Monitoring.Contracts.csproj", "{536162CB-DBED-4349-8AE5-FA154FF29446}"
EndProject
Project("{FAE04EC0-301F-11D3-BF4B-00C04F79EFBC}") = "AZ.Integrator.Monitoring.Infrastructure", "Modules\Monitoring\AZ.Integrator.Monitoring.Infrastructure\AZ.Integrator.Monitoring.Infrastructure.csproj", "{DF790BFC-F38A-4E89-A7AC-3243A8C7FA04}"
EndProject
Project("{FAE04EC0-301F-11D3-BF4B-00C04F79EFBC}") = "AZ.Integrator.Monitoring.Application", "Modules\Monitoring\AZ.Integrator.Monitoring.Application\AZ.Integrator.Monitoring.Application.csproj", "{AD53DEBE-C29C-45E7-8C75-513B47EF70A2}"
EndProject
Project("{FAE04EC0-301F-11D3-BF4B-00C04F79EFBC}") = "AZ.Integrator.Shipments.Contracts", "Modules\Shipments\AZ.Integrator.Shipments.Contracts\AZ.Integrator.Shipments.Contracts.csproj", "{05213FDE-A0FA-4D30-BBE4-3994C4C29C7A}"
EndProject
Project("{FAE04EC0-301F-11D3-BF4B-00C04F79EFBC}") = "AZ.Integrator.TagParcelTemplates.Contracts", "Modules\TagParcelTemplates\AZ.Integrator.TagParcelTemplates.Contracts\AZ.Integrator.TagParcelTemplates.Contracts.csproj", "{F7DDD90D-8B27-49FF-B9EB-F8851B142C78}"
EndProject
Project("{2150E333-8FDC-42A3-9474-1A3956D46DE8}") = "Catalog", "Catalog", "{1C7E2258-5F57-49AA-9BF8-AAE88A5FD0AB}"
EndProject
Project("{FAE04EC0-301F-11D3-BF4B-00C04F79EFBC}") = "AZ.Integrator.Catalog.Domain", "Modules\Catalog\AZ.Integrator.Catalog.Domain\AZ.Integrator.Catalog.Domain.csproj", "{29CC8A39-BC01-4D26-823A-952D08B87681}"
EndProject
Project("{FAE04EC0-301F-11D3-BF4B-00C04F79EFBC}") = "AZ.Integrator.Catalog.Application", "Modules\Catalog\AZ.Integrator.Catalog.Application\AZ.Integrator.Catalog.Application.csproj", "{5487538A-A835-492C-8804-D6002D282648}"
EndProject
Project("{FAE04EC0-301F-11D3-BF4B-00C04F79EFBC}") = "AZ.Integrator.Catalog.Infrastructure", "Modules\Catalog\AZ.Integrator.Catalog.Infrastructure\AZ.Integrator.Catalog.Infrastructure.csproj", "{BEDC3D2C-88B4-4BD8-A003-009E931C3AF5}"
EndProject
Project("{FAE04EC0-301F-11D3-BF4B-00C04F79EFBC}") = "AZ.Integrator.Catalog.Contracts", "Modules\Catalog\AZ.Integrator.Catalog.Contracts\AZ.Integrator.Catalog.Contracts.csproj", "{31F80205-BCB9-4A9B-96FA-3D8B2776668F}"
EndProject
Project("{2150E333-8FDC-42A3-9474-1A3956D46DE8}") = "Procurement", "Procurement", "{AC387D09-35D5-4B19-8ED0-82FB974E1FCE}"
EndProject
Project("{FAE04EC0-301F-11D3-BF4B-00C04F79EFBC}") = "AZ.Integrator.Procurement.Domain", "Modules\Procurement\AZ.Integrator.Procurement.Domain\AZ.Integrator.Procurement.Domain.csproj", "{FF654CED-51A6-4779-8D86-F6A1AF1FFB34}"
EndProject
Project("{FAE04EC0-301F-11D3-BF4B-00C04F79EFBC}") = "AZ.Integrator.Procurement.Infrastructure", "Modules\Procurement\AZ.Integrator.Procurement.Infrastructure\AZ.Integrator.Procurement.Infrastructure.csproj", "{0675D2E2-B434-457D-9BDD-E8943F56646F}"
EndProject
Project("{FAE04EC0-301F-11D3-BF4B-00C04F79EFBC}") = "AZ.Integrator.Procurement.Application", "Modules\Procurement\AZ.Integrator.Procurement.Application\AZ.Integrator.Procurement.Application.csproj", "{17B8B7BD-EAB6-4452-88AD-CBD72B0F06B6}"
EndProject
Project("{FAE04EC0-301F-11D3-BF4B-00C04F79EFBC}") = "AZ.Integrator.Procurement.Contracts", "Modules\Procurement\AZ.Integrator.Procurement.Contracts\AZ.Integrator.Procurement.Contracts.csproj", "{6C8FCA07-DC1D-423A-BF26-EACE6FC659E2}"
EndProject
Project("{FAE04EC0-301F-11D3-BF4B-00C04F79EFBC}") = "AZ.Integrator.Shipments.Domain.Tests", "Modules\Shipments\AZ.Integrator.Shipments.Domain.Tests\AZ.Integrator.Shipments.Domain.Tests.csproj", "{2233A336-D728-4296-AF94-4DA9C34D53E4}"
EndProject
Project("{FAE04EC0-301F-11D3-BF4B-00C04F79EFBC}") = "AZ.Integrator.Procurement.Domain.Tests", "Modules\Procurement\AZ.Integrator.Procurement.Domain.Tests\AZ.Integrator.Procurement.Domain.Tests.csproj", "{A0F1AF10-4221-4A27-A95E-F46713EE8945}"
EndProject
Global
	GlobalSection(SolutionConfigurationPlatforms) = preSolution
		Debug|Any CPU = Debug|Any CPU
		Release|Any CPU = Release|Any CPU
	EndGlobalSection
	GlobalSection(ProjectConfigurationPlatforms) = postSolution
		{E4C247CD-9B87-49E1-A45D-3DA6A4E70792}.Debug|Any CPU.ActiveCfg = Debug|Any CPU
		{E4C247CD-9B87-49E1-A45D-3DA6A4E70792}.Debug|Any CPU.Build.0 = Debug|Any CPU
		{E4C247CD-9B87-49E1-A45D-3DA6A4E70792}.Release|Any CPU.ActiveCfg = Release|Any CPU
		{E4C247CD-9B87-49E1-A45D-3DA6A4E70792}.Release|Any CPU.Build.0 = Release|Any CPU
		{DE916949-C5C6-42E5-A0CB-8C841380E05F}.Debug|Any CPU.ActiveCfg = Debug|Any CPU
		{DE916949-C5C6-42E5-A0CB-8C841380E05F}.Debug|Any CPU.Build.0 = Debug|Any CPU
		{DE916949-C5C6-42E5-A0CB-8C841380E05F}.Release|Any CPU.ActiveCfg = Release|Any CPU
		{DE916949-C5C6-42E5-A0CB-8C841380E05F}.Release|Any CPU.Build.0 = Release|Any CPU
		{8764F087-4DB0-4C23-9EF9-C6204E8EBA65}.Debug|Any CPU.ActiveCfg = Debug|Any CPU
		{8764F087-4DB0-4C23-9EF9-C6204E8EBA65}.Debug|Any CPU.Build.0 = Debug|Any CPU
		{8764F087-4DB0-4C23-9EF9-C6204E8EBA65}.Release|Any CPU.ActiveCfg = Release|Any CPU
		{8764F087-4DB0-4C23-9EF9-C6204E8EBA65}.Release|Any CPU.Build.0 = Release|Any CPU
		{96A6E26F-D327-4E71-8BB7-65BD22669B22}.Debug|Any CPU.ActiveCfg = Debug|Any CPU
		{96A6E26F-D327-4E71-8BB7-65BD22669B22}.Debug|Any CPU.Build.0 = Debug|Any CPU
		{96A6E26F-D327-4E71-8BB7-65BD22669B22}.Release|Any CPU.ActiveCfg = Release|Any CPU
		{96A6E26F-D327-4E71-8BB7-65BD22669B22}.Release|Any CPU.Build.0 = Release|Any CPU
		{2A5A573C-3E8C-4CBB-B293-EA285C4BDF68}.Debug|Any CPU.ActiveCfg = Debug|Any CPU
		{2A5A573C-3E8C-4CBB-B293-EA285C4BDF68}.Debug|Any CPU.Build.0 = Debug|Any CPU
		{2A5A573C-3E8C-4CBB-B293-EA285C4BDF68}.Release|Any CPU.ActiveCfg = Release|Any CPU
		{2A5A573C-3E8C-4CBB-B293-EA285C4BDF68}.Release|Any CPU.Build.0 = Release|Any CPU
		{AE491FFB-F8CB-4F4D-8A78-AB8226D90072}.Debug|Any CPU.ActiveCfg = Debug|Any CPU
		{AE491FFB-F8CB-4F4D-8A78-AB8226D90072}.Debug|Any CPU.Build.0 = Debug|Any CPU
		{AE491FFB-F8CB-4F4D-8A78-AB8226D90072}.Release|Any CPU.ActiveCfg = Release|Any CPU
		{AE491FFB-F8CB-4F4D-8A78-AB8226D90072}.Release|Any CPU.Build.0 = Release|Any CPU
		{9C66A9A8-2DEA-4C84-BF9C-02E8A5F04C47}.Debug|Any CPU.ActiveCfg = Debug|Any CPU
		{9C66A9A8-2DEA-4C84-BF9C-02E8A5F04C47}.Debug|Any CPU.Build.0 = Debug|Any CPU
		{9C66A9A8-2DEA-4C84-BF9C-02E8A5F04C47}.Release|Any CPU.ActiveCfg = Release|Any CPU
		{9C66A9A8-2DEA-4C84-BF9C-02E8A5F04C47}.Release|Any CPU.Build.0 = Release|Any CPU
		{96D73398-E255-4C21-BCB8-54307BD8167C}.Debug|Any CPU.ActiveCfg = Debug|Any CPU
		{96D73398-E255-4C21-BCB8-54307BD8167C}.Debug|Any CPU.Build.0 = Debug|Any CPU
		{96D73398-E255-4C21-BCB8-54307BD8167C}.Release|Any CPU.ActiveCfg = Release|Any CPU
		{96D73398-E255-4C21-BCB8-54307BD8167C}.Release|Any CPU.Build.0 = Release|Any CPU
		{CFF9E1E6-A1D0-4199-8C7C-C51A85C7CB1C}.Debug|Any CPU.ActiveCfg = Debug|Any CPU
		{CFF9E1E6-A1D0-4199-8C7C-C51A85C7CB1C}.Debug|Any CPU.Build.0 = Debug|Any CPU
		{CFF9E1E6-A1D0-4199-8C7C-C51A85C7CB1C}.Release|Any CPU.ActiveCfg = Release|Any CPU
		{CFF9E1E6-A1D0-4199-8C7C-C51A85C7CB1C}.Release|Any CPU.Build.0 = Release|Any CPU
		{B6DEDA42-9054-4E66-BAF0-A23B900EC012}.Debug|Any CPU.ActiveCfg = Debug|Any CPU
		{B6DEDA42-9054-4E66-BAF0-A23B900EC012}.Debug|Any CPU.Build.0 = Debug|Any CPU
		{B6DEDA42-9054-4E66-BAF0-A23B900EC012}.Release|Any CPU.ActiveCfg = Release|Any CPU
		{B6DEDA42-9054-4E66-BAF0-A23B900EC012}.Release|Any CPU.Build.0 = Release|Any CPU
		{36E1A782-20C7-4B56-AF22-5551C70B8A3D}.Debug|Any CPU.ActiveCfg = Debug|Any CPU
		{36E1A782-20C7-4B56-AF22-5551C70B8A3D}.Debug|Any CPU.Build.0 = Debug|Any CPU
		{36E1A782-20C7-4B56-AF22-5551C70B8A3D}.Release|Any CPU.ActiveCfg = Release|Any CPU
		{36E1A782-20C7-4B56-AF22-5551C70B8A3D}.Release|Any CPU.Build.0 = Release|Any CPU
		{9F9F6322-78A0-48A5-B4C7-5B371546E82F}.Debug|Any CPU.ActiveCfg = Debug|Any CPU
		{9F9F6322-78A0-48A5-B4C7-5B371546E82F}.Debug|Any CPU.Build.0 = Debug|Any CPU
		{9F9F6322-78A0-48A5-B4C7-5B371546E82F}.Release|Any CPU.ActiveCfg = Release|Any CPU
		{9F9F6322-78A0-48A5-B4C7-5B371546E82F}.Release|Any CPU.Build.0 = Release|Any CPU
		{1782C76E-952D-40F2-B1D9-F2671B629243}.Debug|Any CPU.ActiveCfg = Debug|Any CPU
		{1782C76E-952D-40F2-B1D9-F2671B629243}.Debug|Any CPU.Build.0 = Debug|Any CPU
		{1782C76E-952D-40F2-B1D9-F2671B629243}.Release|Any CPU.ActiveCfg = Release|Any CPU
		{1782C76E-952D-40F2-B1D9-F2671B629243}.Release|Any CPU.Build.0 = Release|Any CPU
		{DFFE0023-160D-43A5-B58D-02F21B9697F8}.Debug|Any CPU.ActiveCfg = Debug|Any CPU
		{DFFE0023-160D-43A5-B58D-02F21B9697F8}.Debug|Any CPU.Build.0 = Debug|Any CPU
		{DFFE0023-160D-43A5-B58D-02F21B9697F8}.Release|Any CPU.ActiveCfg = Release|Any CPU
		{DFFE0023-160D-43A5-B58D-02F21B9697F8}.Release|Any CPU.Build.0 = Release|Any CPU
		{D89449EB-E15E-46B7-BC34-4B2BFD74A62D}.Debug|Any CPU.ActiveCfg = Debug|Any CPU
		{D89449EB-E15E-46B7-BC34-4B2BFD74A62D}.Debug|Any CPU.Build.0 = Debug|Any CPU
		{D89449EB-E15E-46B7-BC34-4B2BFD74A62D}.Release|Any CPU.ActiveCfg = Release|Any CPU
		{D89449EB-E15E-46B7-BC34-4B2BFD74A62D}.Release|Any CPU.Build.0 = Release|Any CPU
		{15A00825-8670-4B79-8785-46055209C1E2}.Debug|Any CPU.ActiveCfg = Debug|Any CPU
		{15A00825-8670-4B79-8785-46055209C1E2}.Debug|Any CPU.Build.0 = Debug|Any CPU
		{15A00825-8670-4B79-8785-46055209C1E2}.Release|Any CPU.ActiveCfg = Release|Any CPU
		{15A00825-8670-4B79-8785-46055209C1E2}.Release|Any CPU.Build.0 = Release|Any CPU
		{979A492B-FDD2-4A6C-8418-960FC0A11628}.Debug|Any CPU.ActiveCfg = Debug|Any CPU
		{979A492B-FDD2-4A6C-8418-960FC0A11628}.Debug|Any CPU.Build.0 = Debug|Any CPU
		{979A492B-FDD2-4A6C-8418-960FC0A11628}.Release|Any CPU.ActiveCfg = Release|Any CPU
		{979A492B-FDD2-4A6C-8418-960FC0A11628}.Release|Any CPU.Build.0 = Release|Any CPU
		{AF7E64AC-027A-4721-B72F-03FC59A82C58}.Debug|Any CPU.ActiveCfg = Debug|Any CPU
		{AF7E64AC-027A-4721-B72F-03FC59A82C58}.Debug|Any CPU.Build.0 = Debug|Any CPU
		{AF7E64AC-027A-4721-B72F-03FC59A82C58}.Release|Any CPU.ActiveCfg = Release|Any CPU
		{AF7E64AC-027A-4721-B72F-03FC59A82C58}.Release|Any CPU.Build.0 = Release|Any CPU
		{CB614249-1ADD-47BF-8BA9-32878299A01F}.Debug|Any CPU.ActiveCfg = Debug|Any CPU
		{CB614249-1ADD-47BF-8BA9-32878299A01F}.Debug|Any CPU.Build.0 = Debug|Any CPU
		{CB614249-1ADD-47BF-8BA9-32878299A01F}.Release|Any CPU.ActiveCfg = Release|Any CPU
		{CB614249-1ADD-47BF-8BA9-32878299A01F}.Release|Any CPU.Build.0 = Release|Any CPU
		{A1961A97-CE80-4DB4-90F6-7383404D9062}.Debug|Any CPU.ActiveCfg = Debug|Any CPU
		{A1961A97-CE80-4DB4-90F6-7383404D9062}.Debug|Any CPU.Build.0 = Debug|Any CPU
		{A1961A97-CE80-4DB4-90F6-7383404D9062}.Release|Any CPU.ActiveCfg = Release|Any CPU
		{A1961A97-CE80-4DB4-90F6-7383404D9062}.Release|Any CPU.Build.0 = Release|Any CPU
		{A9E6CE6A-757B-4EC2-A1F2-5E5E939B78DD}.Debug|Any CPU.ActiveCfg = Debug|Any CPU
		{A9E6CE6A-757B-4EC2-A1F2-5E5E939B78DD}.Debug|Any CPU.Build.0 = Debug|Any CPU
		{A9E6CE6A-757B-4EC2-A1F2-5E5E939B78DD}.Release|Any CPU.ActiveCfg = Release|Any CPU
		{A9E6CE6A-757B-4EC2-A1F2-5E5E939B78DD}.Release|Any CPU.Build.0 = Release|Any CPU
		{E043B768-6BE7-483F-ABFA-F47D1A08303F}.Debug|Any CPU.ActiveCfg = Debug|Any CPU
		{E043B768-6BE7-483F-ABFA-F47D1A08303F}.Debug|Any CPU.Build.0 = Debug|Any CPU
		{E043B768-6BE7-483F-ABFA-F47D1A08303F}.Release|Any CPU.ActiveCfg = Release|Any CPU
		{E043B768-6BE7-483F-ABFA-F47D1A08303F}.Release|Any CPU.Build.0 = Release|Any CPU
		{CD2AA08B-884D-46A1-957B-4B1A0358EA96}.Debug|Any CPU.ActiveCfg = Debug|Any CPU
		{CD2AA08B-884D-46A1-957B-4B1A0358EA96}.Debug|Any CPU.Build.0 = Debug|Any CPU
		{CD2AA08B-884D-46A1-957B-4B1A0358EA96}.Release|Any CPU.ActiveCfg = Release|Any CPU
		{CD2AA08B-884D-46A1-957B-4B1A0358EA96}.Release|Any CPU.Build.0 = Release|Any CPU
		{19259E04-13FF-4334-BB74-59BC0D137413}.Debug|Any CPU.ActiveCfg = Debug|Any CPU
		{19259E04-13FF-4334-BB74-59BC0D137413}.Debug|Any CPU.Build.0 = Debug|Any CPU
		{19259E04-13FF-4334-BB74-59BC0D137413}.Release|Any CPU.ActiveCfg = Release|Any CPU
		{19259E04-13FF-4334-BB74-59BC0D137413}.Release|Any CPU.Build.0 = Release|Any CPU
		{57A65F13-5350-4F64-9B47-8A8D55E741D7}.Debug|Any CPU.ActiveCfg = Debug|Any CPU
		{57A65F13-5350-4F64-9B47-8A8D55E741D7}.Debug|Any CPU.Build.0 = Debug|Any CPU
		{57A65F13-5350-4F64-9B47-8A8D55E741D7}.Release|Any CPU.ActiveCfg = Release|Any CPU
		{57A65F13-5350-4F64-9B47-8A8D55E741D7}.Release|Any CPU.Build.0 = Release|Any CPU
		{11ABE9E4-3010-41B8-85D5-FDD4EF315D13}.Debug|Any CPU.ActiveCfg = Debug|Any CPU
		{11ABE9E4-3010-41B8-85D5-FDD4EF315D13}.Debug|Any CPU.Build.0 = Debug|Any CPU
		{11ABE9E4-3010-41B8-85D5-FDD4EF315D13}.Release|Any CPU.ActiveCfg = Release|Any CPU
		{11ABE9E4-3010-41B8-85D5-FDD4EF315D13}.Release|Any CPU.Build.0 = Release|Any CPU
		{177D3BBB-96E9-4B01-AD13-E0BB8C0B1FF2}.Debug|Any CPU.ActiveCfg = Debug|Any CPU
		{177D3BBB-96E9-4B01-AD13-E0BB8C0B1FF2}.Debug|Any CPU.Build.0 = Debug|Any CPU
		{177D3BBB-96E9-4B01-AD13-E0BB8C0B1FF2}.Release|Any CPU.ActiveCfg = Release|Any CPU
		{177D3BBB-96E9-4B01-AD13-E0BB8C0B1FF2}.Release|Any CPU.Build.0 = Release|Any CPU
		{84D628F2-DD6F-4FF2-AA48-78204D923FDA}.Debug|Any CPU.ActiveCfg = Debug|Any CPU
		{84D628F2-DD6F-4FF2-AA48-78204D923FDA}.Debug|Any CPU.Build.0 = Debug|Any CPU
		{84D628F2-DD6F-4FF2-AA48-78204D923FDA}.Release|Any CPU.ActiveCfg = Release|Any CPU
		{84D628F2-DD6F-4FF2-AA48-78204D923FDA}.Release|Any CPU.Build.0 = Release|Any CPU
		{536162CB-DBED-4349-8AE5-FA154FF29446}.Debug|Any CPU.ActiveCfg = Debug|Any CPU
		{536162CB-DBED-4349-8AE5-FA154FF29446}.Debug|Any CPU.Build.0 = Debug|Any CPU
		{536162CB-DBED-4349-8AE5-FA154FF29446}.Release|Any CPU.ActiveCfg = Release|Any CPU
		{536162CB-DBED-4349-8AE5-FA154FF29446}.Release|Any CPU.Build.0 = Release|Any CPU
		{DF790BFC-F38A-4E89-A7AC-3243A8C7FA04}.Debug|Any CPU.ActiveCfg = Debug|Any CPU
		{DF790BFC-F38A-4E89-A7AC-3243A8C7FA04}.Debug|Any CPU.Build.0 = Debug|Any CPU
		{DF790BFC-F38A-4E89-A7AC-3243A8C7FA04}.Release|Any CPU.ActiveCfg = Release|Any CPU
		{DF790BFC-F38A-4E89-A7AC-3243A8C7FA04}.Release|Any CPU.Build.0 = Release|Any CPU
		{AD53DEBE-C29C-45E7-8C75-513B47EF70A2}.Debug|Any CPU.ActiveCfg = Debug|Any CPU
		{AD53DEBE-C29C-45E7-8C75-513B47EF70A2}.Debug|Any CPU.Build.0 = Debug|Any CPU
		{AD53DEBE-C29C-45E7-8C75-513B47EF70A2}.Release|Any CPU.ActiveCfg = Release|Any CPU
		{AD53DEBE-C29C-45E7-8C75-513B47EF70A2}.Release|Any CPU.Build.0 = Release|Any CPU
		{05213FDE-A0FA-4D30-BBE4-3994C4C29C7A}.Debug|Any CPU.ActiveCfg = Debug|Any CPU
		{05213FDE-A0FA-4D30-BBE4-3994C4C29C7A}.Debug|Any CPU.Build.0 = Debug|Any CPU
		{05213FDE-A0FA-4D30-BBE4-3994C4C29C7A}.Release|Any CPU.ActiveCfg = Release|Any CPU
		{05213FDE-A0FA-4D30-BBE4-3994C4C29C7A}.Release|Any CPU.Build.0 = Release|Any CPU
		{F7DDD90D-8B27-49FF-B9EB-F8851B142C78}.Debug|Any CPU.ActiveCfg = Debug|Any CPU
		{F7DDD90D-8B27-49FF-B9EB-F8851B142C78}.Debug|Any CPU.Build.0 = Debug|Any CPU
		{F7DDD90D-8B27-49FF-B9EB-F8851B142C78}.Release|Any CPU.ActiveCfg = Release|Any CPU
		{F7DDD90D-8B27-49FF-B9EB-F8851B142C78}.Release|Any CPU.Build.0 = Release|Any CPU
		{29CC8A39-BC01-4D26-823A-952D08B87681}.Debug|Any CPU.ActiveCfg = Debug|Any CPU
		{29CC8A39-BC01-4D26-823A-952D08B87681}.Debug|Any CPU.Build.0 = Debug|Any CPU
		{29CC8A39-BC01-4D26-823A-952D08B87681}.Release|Any CPU.ActiveCfg = Release|Any CPU
		{29CC8A39-BC01-4D26-823A-952D08B87681}.Release|Any CPU.Build.0 = Release|Any CPU
		{5487538A-A835-492C-8804-D6002D282648}.Debug|Any CPU.ActiveCfg = Debug|Any CPU
		{5487538A-A835-492C-8804-D6002D282648}.Debug|Any CPU.Build.0 = Debug|Any CPU
		{5487538A-A835-492C-8804-D6002D282648}.Release|Any CPU.ActiveCfg = Release|Any CPU
		{5487538A-A835-492C-8804-D6002D282648}.Release|Any CPU.Build.0 = Release|Any CPU
		{BEDC3D2C-88B4-4BD8-A003-009E931C3AF5}.Debug|Any CPU.ActiveCfg = Debug|Any CPU
		{BEDC3D2C-88B4-4BD8-A003-009E931C3AF5}.Debug|Any CPU.Build.0 = Debug|Any CPU
		{BEDC3D2C-88B4-4BD8-A003-009E931C3AF5}.Release|Any CPU.ActiveCfg = Release|Any CPU
		{BEDC3D2C-88B4-4BD8-A003-009E931C3AF5}.Release|Any CPU.Build.0 = Release|Any CPU
		{31F80205-BCB9-4A9B-96FA-3D8B2776668F}.Debug|Any CPU.ActiveCfg = Debug|Any CPU
		{31F80205-BCB9-4A9B-96FA-3D8B2776668F}.Debug|Any CPU.Build.0 = Debug|Any CPU
		{31F80205-BCB9-4A9B-96FA-3D8B2776668F}.Release|Any CPU.ActiveCfg = Release|Any CPU
		{31F80205-BCB9-4A9B-96FA-3D8B2776668F}.Release|Any CPU.Build.0 = Release|Any CPU
		{FF654CED-51A6-4779-8D86-F6A1AF1FFB34}.Debug|Any CPU.ActiveCfg = Debug|Any CPU
		{FF654CED-51A6-4779-8D86-F6A1AF1FFB34}.Debug|Any CPU.Build.0 = Debug|Any CPU
		{FF654CED-51A6-4779-8D86-F6A1AF1FFB34}.Release|Any CPU.ActiveCfg = Release|Any CPU
		{FF654CED-51A6-4779-8D86-F6A1AF1FFB34}.Release|Any CPU.Build.0 = Release|Any CPU
		{0675D2E2-B434-457D-9BDD-E8943F56646F}.Debug|Any CPU.ActiveCfg = Debug|Any CPU
		{0675D2E2-B434-457D-9BDD-E8943F56646F}.Debug|Any CPU.Build.0 = Debug|Any CPU
		{0675D2E2-B434-457D-9BDD-E8943F56646F}.Release|Any CPU.ActiveCfg = Release|Any CPU
		{0675D2E2-B434-457D-9BDD-E8943F56646F}.Release|Any CPU.Build.0 = Release|Any CPU
		{17B8B7BD-EAB6-4452-88AD-CBD72B0F06B6}.Debug|Any CPU.ActiveCfg = Debug|Any CPU
		{17B8B7BD-EAB6-4452-88AD-CBD72B0F06B6}.Debug|Any CPU.Build.0 = Debug|Any CPU
		{17B8B7BD-EAB6-4452-88AD-CBD72B0F06B6}.Release|Any CPU.ActiveCfg = Release|Any CPU
		{17B8B7BD-EAB6-4452-88AD-CBD72B0F06B6}.Release|Any CPU.Build.0 = Release|Any CPU
		{6C8FCA07-DC1D-423A-BF26-EACE6FC659E2}.Debug|Any CPU.ActiveCfg = Debug|Any CPU
		{6C8FCA07-DC1D-423A-BF26-EACE6FC659E2}.Debug|Any CPU.Build.0 = Debug|Any CPU
		{6C8FCA07-DC1D-423A-BF26-EACE6FC659E2}.Release|Any CPU.ActiveCfg = Release|Any CPU
		{6C8FCA07-DC1D-423A-BF26-EACE6FC659E2}.Release|Any CPU.Build.0 = Release|Any CPU
		{2233A336-D728-4296-AF94-4DA9C34D53E4}.Debug|Any CPU.ActiveCfg = Debug|Any CPU
		{2233A336-D728-4296-AF94-4DA9C34D53E4}.Debug|Any CPU.Build.0 = Debug|Any CPU
		{2233A336-D728-4296-AF94-4DA9C34D53E4}.Release|Any CPU.ActiveCfg = Release|Any CPU
		{2233A336-D728-4296-AF94-4DA9C34D53E4}.Release|Any CPU.Build.0 = Release|Any CPU
		{A0F1AF10-4221-4A27-A95E-F46713EE8945}.Debug|Any CPU.ActiveCfg = Debug|Any CPU
		{A0F1AF10-4221-4A27-A95E-F46713EE8945}.Debug|Any CPU.Build.0 = Debug|Any CPU
		{A0F1AF10-4221-4A27-A95E-F46713EE8945}.Release|Any CPU.ActiveCfg = Release|Any CPU
		{A0F1AF10-4221-4A27-A95E-F46713EE8945}.Release|Any CPU.Build.0 = Release|Any CPU
	EndGlobalSection
	GlobalSection(SolutionProperties) = preSolution
		HideSolutionNode = FALSE
	EndGlobalSection
	GlobalSection(NestedProjects) = preSolution
		{2A5A573C-3E8C-4CBB-B293-EA285C4BDF68} = {4F3FDA55-588A-4702-8CEF-B0DE277668EC}
		{AE491FFB-F8CB-4F4D-8A78-AB8226D90072} = {4F3FDA55-588A-4702-8CEF-B0DE277668EC}
		{9C66A9A8-2DEA-4C84-BF9C-02E8A5F04C47} = {BCF47A2C-C937-414E-BC62-F92919A698BA}
		{96D73398-E255-4C21-BCB8-54307BD8167C} = {BCF47A2C-C937-414E-BC62-F92919A698BA}
		{CFF9E1E6-A1D0-4199-8C7C-C51A85C7CB1C} = {3015700F-0F86-49D7-8DE7-2A8CAD39202F}
		{B6DEDA42-9054-4E66-BAF0-A23B900EC012} = {3015700F-0F86-49D7-8DE7-2A8CAD39202F}
		{36E1A782-20C7-4B56-AF22-5551C70B8A3D} = {4F3FDA55-588A-4702-8CEF-B0DE277668EC}
		{1782C76E-952D-40F2-B1D9-F2671B629243} = {A78791CF-DB1C-4382-82A5-E3A792F464FA}
		{DFFE0023-160D-43A5-B58D-02F21B9697F8} = {A78791CF-DB1C-4382-82A5-E3A792F464FA}
		{3015700F-0F86-49D7-8DE7-2A8CAD39202F} = {AF5A56E9-8FD1-47B5-B69D-17756EDE918E}
		{BCF47A2C-C937-414E-BC62-F92919A698BA} = {AF5A56E9-8FD1-47B5-B69D-17756EDE918E}
		{4F3FDA55-588A-4702-8CEF-B0DE277668EC} = {AF5A56E9-8FD1-47B5-B69D-17756EDE918E}
		{A78791CF-DB1C-4382-82A5-E3A792F464FA} = {AF5A56E9-8FD1-47B5-B69D-17756EDE918E}
		{87F559AE-6448-426E-87CD-CF2C4AA11D1B} = {AF5A56E9-8FD1-47B5-B69D-17756EDE918E}
		{D89449EB-E15E-46B7-BC34-4B2BFD74A62D} = {87F559AE-6448-426E-87CD-CF2C4AA11D1B}
		{15A00825-8670-4B79-8785-46055209C1E2} = {87F559AE-6448-426E-87CD-CF2C4AA11D1B}
		{979A492B-FDD2-4A6C-8418-960FC0A11628} = {87F559AE-6448-426E-87CD-CF2C4AA11D1B}
		{A1961A97-CE80-4DB4-90F6-7383404D9062} = {3015700F-0F86-49D7-8DE7-2A8CAD39202F}
		{F7455875-B3A7-424A-A5FB-604BA68A83E8} = {AF5A56E9-8FD1-47B5-B69D-17756EDE918E}
		{A9E6CE6A-757B-4EC2-A1F2-5E5E939B78DD} = {F7455875-B3A7-424A-A5FB-604BA68A83E8}
		{E043B768-6BE7-483F-ABFA-F47D1A08303F} = {3015700F-0F86-49D7-8DE7-2A8CAD39202F}
		{CD2AA08B-884D-46A1-957B-4B1A0358EA96} = {BCF47A2C-C937-414E-BC62-F92919A698BA}
		{19259E04-13FF-4334-BB74-59BC0D137413} = {BCF47A2C-C937-414E-BC62-F92919A698BA}
		{57A65F13-5350-4F64-9B47-8A8D55E741D7} = {A78791CF-DB1C-4382-82A5-E3A792F464FA}
		{11ABE9E4-3010-41B8-85D5-FDD4EF315D13} = {3015700F-0F86-49D7-8DE7-2A8CAD39202F}
		{177D3BBB-96E9-4B01-AD13-E0BB8C0B1FF2} = {4F3FDA55-588A-4702-8CEF-B0DE277668EC}
		{248FF580-BD5F-4F62-BDCD-EA17EC9651C9} = {AF5A56E9-8FD1-47B5-B69D-17756EDE918E}
		{84D628F2-DD6F-4FF2-AA48-78204D923FDA} = {248FF580-BD5F-4F62-BDCD-EA17EC9651C9}
		{536162CB-DBED-4349-8AE5-FA154FF29446} = {248FF580-BD5F-4F62-BDCD-EA17EC9651C9}
		{DF790BFC-F38A-4E89-A7AC-3243A8C7FA04} = {248FF580-BD5F-4F62-BDCD-EA17EC9651C9}
		{AD53DEBE-C29C-45E7-8C75-513B47EF70A2} = {248FF580-BD5F-4F62-BDCD-EA17EC9651C9}
		{05213FDE-A0FA-4D30-BBE4-3994C4C29C7A} = {4F3FDA55-588A-4702-8CEF-B0DE277668EC}
		{F7DDD90D-8B27-49FF-B9EB-F8851B142C78} = {A78791CF-DB1C-4382-82A5-E3A792F464FA}
		{1C7E2258-5F57-49AA-9BF8-AAE88A5FD0AB} = {AF5A56E9-8FD1-47B5-B69D-17756EDE918E}
		{29CC8A39-BC01-4D26-823A-952D08B87681} = {1C7E2258-5F57-49AA-9BF8-AAE88A5FD0AB}
		{5487538A-A835-492C-8804-D6002D282648} = {1C7E2258-5F57-49AA-9BF8-AAE88A5FD0AB}
		{BEDC3D2C-88B4-4BD8-A003-009E931C3AF5} = {1C7E2258-5F57-49AA-9BF8-AAE88A5FD0AB}
		{31F80205-BCB9-4A9B-96FA-3D8B2776668F} = {1C7E2258-5F57-49AA-9BF8-AAE88A5FD0AB}
		{AC387D09-35D5-4B19-8ED0-82FB974E1FCE} = {AF5A56E9-8FD1-47B5-B69D-17756EDE918E}
		{FF654CED-51A6-4779-8D86-F6A1AF1FFB34} = {AC387D09-35D5-4B19-8ED0-82FB974E1FCE}
		{0675D2E2-B434-457D-9BDD-E8943F56646F} = {AC387D09-35D5-4B19-8ED0-82FB974E1FCE}
		{17B8B7BD-EAB6-4452-88AD-CBD72B0F06B6} = {AC387D09-35D5-4B19-8ED0-82FB974E1FCE}
		{6C8FCA07-DC1D-423A-BF26-EACE6FC659E2} = {AC387D09-35D5-4B19-8ED0-82FB974E1FCE}
		{2233A336-D728-4296-AF94-4DA9C34D53E4} = {4F3FDA55-588A-4702-8CEF-B0DE277668EC}
		{A0F1AF10-4221-4A27-A95E-F46713EE8945} = {AC387D09-35D5-4B19-8ED0-82FB974E1FCE}
	EndGlobalSection
EndGlobal
